// !$*UTF8*$!
{
	archiveVersion = 1;
	classes = {
	};
	objectVersion = 56;
	objects = {

/* Begin PBXBuildFile section */
		ED29C73929E6BA0A002C3B3D /* ProyectoEduChalenge1App.swift in Sources */ = {isa = PBXBuildFile; fileRef = ED29C73829E6BA0A002C3B3D /* ProyectoEduChalenge1App.swift */; };
		ED29C73B29E6BA0A002C3B3D /* ContentView.swift in Sources */ = {isa = PBXBuildFile; fileRef = ED29C73A29E6BA0A002C3B3D /* ContentView.swift */; };
		ED29C73D29E6BA0A002C3B3D /* Assets.xcassets in Resources */ = {isa = PBXBuildFile; fileRef = ED29C73C29E6BA0A002C3B3D /* Assets.xcassets */; };
		ED29C74029E6BA0A002C3B3D /* Preview Assets.xcassets in Resources */ = {isa = PBXBuildFile; fileRef = ED29C73F29E6BA0A002C3B3D /* Preview Assets.xcassets */; };
		ED29C74729E6BA1C002C3B3D /* MainView.swift in Sources */ = {isa = PBXBuildFile; fileRef = ED29C74629E6BA1C002C3B3D /* MainView.swift */; };
		ED29C74A29E6BA87002C3B3D /* DesafioView.swift in Sources */ = {isa = PBXBuildFile; fileRef = ED29C74929E6BA87002C3B3D /* DesafioView.swift */; };
		ED29C74D29E6BAB8002C3B3D /* loginView.swift in Sources */ = {isa = PBXBuildFile; fileRef = ED29C74C29E6BAB8002C3B3D /* loginView.swift */; };
		ED29C74F29E6BADB002C3B3D /* registerView.swift in Sources */ = {isa = PBXBuildFile; fileRef = ED29C74E29E6BADB002C3B3D /* registerView.swift */; };
/* End PBXBuildFile section */

/* Begin PBXFileReference section */
		ED29C73529E6BA0A002C3B3D /* ProyectoEduChalenge1.app */ = {isa = PBXFileReference; explicitFileType = wrapper.application; includeInIndex = 0; path = ProyectoEduChalenge1.app; sourceTree = BUILT_PRODUCTS_DIR; };
		ED29C73829E6BA0A002C3B3D /* ProyectoEduChalenge1App.swift */ = {isa = PBXFileReference; lastKnownFileType = sourcecode.swift; path = ProyectoEduChalenge1App.swift; sourceTree = "<group>"; };
		ED29C73A29E6BA0A002C3B3D /* ContentView.swift */ = {isa = PBXFileReference; lastKnownFileType = sourcecode.swift; path = ContentView.swift; sourceTree = "<group>"; };
		ED29C73C29E6BA0A002C3B3D /* Assets.xcassets */ = {isa = PBXFileReference; lastKnownFileType = folder.assetcatalog; path = Assets.xcassets; sourceTree = "<group>"; };
		ED29C73F29E6BA0A002C3B3D /* Preview Assets.xcassets */ = {isa = PBXFileReference; lastKnownFileType = folder.assetcatalog; path = "Preview Assets.xcassets"; sourceTree = "<group>"; };
		ED29C74629E6BA1C002C3B3D /* MainView.swift */ = {isa = PBXFileReference; lastKnownFileType = sourcecode.swift; path = MainView.swift; sourceTree = "<group>"; };
		ED29C74929E6BA87002C3B3D /* DesafioView.swift */ = {isa = PBXFileReference; lastKnownFileType = sourcecode.swift; path = DesafioView.swift; sourceTree = "<group>"; };
		ED29C74C29E6BAB8002C3B3D /* loginView.swift */ = {isa = PBXFileReference; lastKnownFileType = sourcecode.swift; path = loginView.swift; sourceTree = "<group>"; };
		ED29C74E29E6BADB002C3B3D /* registerView.swift */ = {isa = PBXFileReference; lastKnownFileType = sourcecode.swift; path = registerView.swift; sourceTree = "<group>"; };
/* End PBXFileReference section */

/* Begin PBXFrameworksBuildPhase section */
		ED29C73229E6BA0A002C3B3D /* Frameworks */ = {
			isa = PBXFrameworksBuildPhase;
			buildActionMask = 2147483647;
			files = (
			);
			runOnlyForDeploymentPostprocessing = 0;
		};
/* End PBXFrameworksBuildPhase section */

/* Begin PBXGroup section */
		ED29C72C29E6BA0A002C3B3D = {
			isa = PBXGroup;
			children = (
				ED29C73729E6BA0A002C3B3D /* ProyectoEduChalenge1 */,
				ED29C73629E6BA0A002C3B3D /* Products */,
			);
			sourceTree = "<group>";
		};
		ED29C73629E6BA0A002C3B3D /* Products */ = {
			isa = PBXGroup;
			children = (
				ED29C73529E6BA0A002C3B3D /* ProyectoEduChalenge1.app */,
			);
			name = Products;
			sourceTree = "<group>";
		};
		ED29C73729E6BA0A002C3B3D /* ProyectoEduChalenge1 */ = {
			isa = PBXGroup;
			children = (
				ED29C74B29E6BA94002C3B3D /* ViewsLogin */,
				ED29C74829E6BA54002C3B3D /* Views */,
				ED29C73829E6BA0A002C3B3D /* ProyectoEduChalenge1App.swift */,
				ED29C73A29E6BA0A002C3B3D /* ContentView.swift */,
				ED29C73C29E6BA0A002C3B3D /* Assets.xcassets */,
				ED29C73E29E6BA0A002C3B3D /* Preview Content */,
			);
			path = ProyectoEduChalenge1;
			sourceTree = "<group>";
		};
		ED29C73E29E6BA0A002C3B3D /* Preview Content */ = {
			isa = PBXGroup;
			children = (
				ED29C73F29E6BA0A002C3B3D /* Preview Assets.xcassets */,
			);
			path = "Preview Content";
			sourceTree = "<group>";
		};
		ED29C74829E6BA54002C3B3D /* Views */ = {
			isa = PBXGroup;
			children = (
				ED29C74629E6BA1C002C3B3D /* MainView.swift */,
				ED29C74929E6BA87002C3B3D /* DesafioView.swift */,
			);
			path = Views;
			sourceTree = "<group>";
		};
		ED29C74B29E6BA94002C3B3D /* ViewsLogin */ = {
			isa = PBXGroup;
			children = (
				ED29C74C29E6BAB8002C3B3D /* loginView.swift */,
				ED29C74E29E6BADB002C3B3D /* registerView.swift */,
			);
			path = ViewsLogin;
			sourceTree = "<group>";
		};
/* End PBXGroup section */

/* Begin PBXNativeTarget section */
		ED29C73429E6BA0A002C3B3D /* ProyectoEduChalenge1 */ = {
			isa = PBXNativeTarget;
			buildConfigurationList = ED29C74329E6BA0A002C3B3D /* Build configuration list for PBXNativeTarget "ProyectoEduChalenge1" */;
			buildPhases = (
				ED29C73129E6BA0A002C3B3D /* Sources */,
				ED29C73229E6BA0A002C3B3D /* Frameworks */,
				ED29C73329E6BA0A002C3B3D /* Resources */,
			);
			buildRules = (
			);
			dependencies = (
			);
			name = ProyectoEduChalenge1;
			productName = ProyectoEduChalenge1;
			productReference = ED29C73529E6BA0A002C3B3D /* ProyectoEduChalenge1.app */;
			productType = "com.apple.product-type.application";
		};
/* End PBXNativeTarget section */

/* Begin PBXProject section */
		ED29C72D29E6BA0A002C3B3D /* Project object */ = {
			isa = PBXProject;
			attributes = {
				BuildIndependentTargetsInParallel = 1;
				LastSwiftUpdateCheck = 1430;
				LastUpgradeCheck = 1430;
				TargetAttributes = {
					ED29C73429E6BA0A002C3B3D = {
						CreatedOnToolsVersion = 14.3;
					};
				};
			};
			buildConfigurationList = ED29C73029E6BA0A002C3B3D /* Build configuration list for PBXProject "ProyectoEduChalenge1" */;
			compatibilityVersion = "Xcode 14.0";
			developmentRegion = en;
			hasScannedForEncodings = 0;
			knownRegions = (
				en,
				Base,
			);
			mainGroup = ED29C72C29E6BA0A002C3B3D;
			productRefGroup = ED29C73629E6BA0A002C3B3D /* Products */;
			projectDirPath = "";
			projectRoot = "";
			targets = (
				ED29C73429E6BA0A002C3B3D /* ProyectoEduChalenge1 */,
			);
		};
/* End PBXProject section */

/* Begin PBXResourcesBuildPhase section */
		ED29C73329E6BA0A002C3B3D /* Resources */ = {
			isa = PBXResourcesBuildPhase;
			buildActionMask = 2147483647;
			files = (
				ED29C74029E6BA0A002C3B3D /* Preview Assets.xcassets in Resources */,
				ED29C73D29E6BA0A002C3B3D /* Assets.xcassets in Resources */,
			);
			runOnlyForDeploymentPostprocessing = 0;
		};
/* End PBXResourcesBuildPhase section */

/* Begin PBXSourcesBuildPhase section */
		ED29C73129E6BA0A002C3B3D /* Sources */ = {
			isa = PBXSourcesBuildPhase;
			buildActionMask = 2147483647;
			files = (
				ED29C73B29E6BA0A002C3B3D /* ContentView.swift in Sources */,
				ED29C74729E6BA1C002C3B3D /* MainView.swift in Sources */,
				ED29C74D29E6BAB8002C3B3D /* loginView.swift in Sources */,
				ED29C74F29E6BADB002C3B3D /* registerView.swift in Sources */,
				ED29C74A29E6BA87002C3B3D /* DesafioView.swift in Sources */,
				ED29C73929E6BA0A002C3B3D /* ProyectoEduChalenge1App.swift in Sources */,
			);
			runOnlyForDeploymentPostprocessing = 0;
		};
/* End PBXSourcesBuildPhase section */

/* Begin XCBuildConfiguration section */
		ED29C74129E6BA0A002C3B3D /* Debug */ = {
			isa = XCBuildConfiguration;
			buildSettings = {
				ALWAYS_SEARCH_USER_PATHS = NO;
				CLANG_ANALYZER_NONNULL = YES;
				CLANG_ANALYZER_NUMBER_OBJECT_CONVERSION = YES_AGGRESSIVE;
				CLANG_CXX_LANGUAGE_STANDARD = "gnu++20";
				CLANG_ENABLE_MODULES = YES;
				CLANG_ENABLE_OBJC_ARC = YES;
				CLANG_ENABLE_OBJC_WEAK = YES;
				CLANG_WARN_BLOCK_CAPTURE_AUTORELEASING = YES;
				CLANG_WARN_BOOL_CONVERSION = YES;
				CLANG_WARN_COMMA = YES;
				CLANG_WARN_CONSTANT_CONVERSION = YES;
				CLANG_WARN_DEPRECATED_OBJC_IMPLEMENTATIONS = YES;
				CLANG_WARN_DIRECT_OBJC_ISA_USAGE = YES_ERROR;
				CLANG_WARN_DOCUMENTATION_COMMENTS = YES;
				CLANG_WARN_EMPTY_BODY = YES;
				CLANG_WARN_ENUM_CONVERSION = YES;
				CLANG_WARN_INFINITE_RECURSION = YES;
				CLANG_WARN_INT_CONVERSION = YES;
				CLANG_WARN_NON_LITERAL_NULL_CONVERSION = YES;
				CLANG_WARN_OBJC_IMPLICIT_RETAIN_SELF = YES;
				CLANG_WARN_OBJC_LITERAL_CONVERSION = YES;
				CLANG_WARN_OBJC_ROOT_CLASS = YES_ERROR;
				CLANG_WARN_QUOTED_INCLUDE_IN_FRAMEWORK_HEADER = YES;
				CLANG_WARN_RANGE_LOOP_ANALYSIS = YES;
				CLANG_WARN_STRICT_PROTOTYPES = YES;
				CLANG_WARN_SUSPICIOUS_MOVE = YES;
				CLANG_WARN_UNGUARDED_AVAILABILITY = YES_AGGRESSIVE;
				CLANG_WARN_UNREACHABLE_CODE = YES;
				CLANG_WARN__DUPLICATE_METHOD_MATCH = YES;
				COPY_PHASE_STRIP = NO;
				DEBUG_INFORMATION_FORMAT = dwarf;
				ENABLE_STRICT_OBJC_MSGSEND = YES;
				ENABLE_TESTABILITY = YES;
				GCC_C_LANGUAGE_STANDARD = gnu11;
				GCC_DYNAMIC_NO_PIC = NO;
				GCC_NO_COMMON_BLOCKS = YES;
				GCC_OPTIMIZATION_LEVEL = 0;
				GCC_PREPROCESSOR_DEFINITIONS = (
					"DEBUG=1",
					"$(inherited)",
				);
				GCC_WARN_64_TO_32_BIT_CONVERSION = YES;
				GCC_WARN_ABOUT_RETURN_TYPE = YES_ERROR;
				GCC_WARN_UNDECLARED_SELECTOR = YES;
				GCC_WARN_UNINITIALIZED_AUTOS = YES_AGGRESSIVE;
				GCC_WARN_UNUSED_FUNCTION = YES;
				GCC_WARN_UNUSED_VARIABLE = YES;
				IPHONEOS_DEPLOYMENT_TARGET = 16.4;
				MTL_ENABLE_DEBUG_INFO = INCLUDE_SOURCE;
				MTL_FAST_MATH = YES;
				ONLY_ACTIVE_ARCH = YES;
				SDKROOT = iphoneos;
				SWIFT_ACTIVE_COMPILATION_CONDITIONS = DEBUG;
				SWIFT_OPTIMIZATION_LEVEL = "-Onone";
			};
			name = Debug;
		};
		ED29C74229E6BA0A002C3B3D /* Release */ = {
			isa = XCBuildConfiguration;
			buildSettings = {
				ALWAYS_SEARCH_USER_PATHS = NO;
				CLANG_ANALYZER_NONNULL = YES;
				CLANG_ANALYZER_NUMBER_OBJECT_CONVERSION = YES_AGGRESSIVE;
				CLANG_CXX_LANGUAGE_STANDARD = "gnu++20";
				CLANG_ENABLE_MODULES = YES;
				CLANG_ENABLE_OBJC_ARC = YES;
				CLANG_ENABLE_OBJC_WEAK = YES;
				CLANG_WARN_BLOCK_CAPTURE_AUTORELEASING = YES;
				CLANG_WARN_BOOL_CONVERSION = YES;
				CLANG_WARN_COMMA = YES;
				CLANG_WARN_CONSTANT_CONVERSION = YES;
				CLANG_WARN_DEPRECATED_OBJC_IMPLEMENTATIONS = YES;
				CLANG_WARN_DIRECT_OBJC_ISA_USAGE = YES_ERROR;
				CLANG_WARN_DOCUMENTATION_COMMENTS = YES;
				CLANG_WARN_EMPTY_BODY = YES;
				CLANG_WARN_ENUM_CONVERSION = YES;
				CLANG_WARN_INFINITE_RECURSION = YES;
				CLANG_WARN_INT_CONVERSION = YES;
				CLANG_WARN_NON_LITERAL_NULL_CONVERSION = YES;
				CLANG_WARN_OBJC_IMPLICIT_RETAIN_SELF = YES;
				CLANG_WARN_OBJC_LITERAL_CONVERSION = YES;
				CLANG_WARN_OBJC_ROOT_CLASS = YES_ERROR;
				CLANG_WARN_QUOTED_INCLUDE_IN_FRAMEWORK_HEADER = YES;
				CLANG_WARN_RANGE_LOOP_ANALYSIS = YES;
				CLANG_WARN_STRICT_PROTOTYPES = YES;
				CLANG_WARN_SUSPICIOUS_MOVE = YES;
				CLANG_WARN_UNGUARDED_AVAILABILITY = YES_AGGRESSIVE;
				CLANG_WARN_UNREACHABLE_CODE = YES;
				CLANG_WARN__DUPLICATE_METHOD_MATCH = YES;
				COPY_PHASE_STRIP = NO;
				DEBUG_INFORMATION_FORMAT = "dwarf-with-dsym";
				ENABLE_NS_ASSERTIONS = NO;
				ENABLE_STRICT_OBJC_MSGSEND = YES;
				GCC_C_LANGUAGE_STANDARD = gnu11;
				GCC_NO_COMMON_BLOCKS = YES;
				GCC_WARN_64_TO_32_BIT_CONVERSION = YES;
				GCC_WARN_ABOUT_RETURN_TYPE = YES_ERROR;
				GCC_WARN_UNDECLARED_SELECTOR = YES;
				GCC_WARN_UNINITIALIZED_AUTOS = YES_AGGRESSIVE;
				GCC_WARN_UNUSED_FUNCTION = YES;
				GCC_WARN_UNUSED_VARIABLE = YES;
				IPHONEOS_DEPLOYMENT_TARGET = 16.4;
				MTL_ENABLE_DEBUG_INFO = NO;
				MTL_FAST_MATH = YES;
				SDKROOT = iphoneos;
				SWIFT_COMPILATION_MODE = wholemodule;
				SWIFT_OPTIMIZATION_LEVEL = "-O";
				VALIDATE_PRODUCT = YES;
			};
			name = Release;
		};
		ED29C74429E6BA0A002C3B3D /* Debug */ = {
			isa = XCBuildConfiguration;
			buildSettings = {
				ASSETCATALOG_COMPILER_APPICON_NAME = AppIcon;
				ASSETCATALOG_COMPILER_GLOBAL_ACCENT_COLOR_NAME = AccentColor;
				CODE_SIGN_STYLE = Automatic;
				CURRENT_PROJECT_VERSION = 1;
				DEVELOPMENT_ASSET_PATHS = "\"ProyectoEduChalenge1/Preview Content\"";
				ENABLE_PREVIEWS = YES;
				GENERATE_INFOPLIST_FILE = YES;
				INFOPLIST_KEY_UIApplicationSceneManifest_Generation = YES;
				INFOPLIST_KEY_UIApplicationSupportsIndirectInputEvents = YES;
				INFOPLIST_KEY_UILaunchScreen_Generation = YES;
				INFOPLIST_KEY_UISupportedInterfaceOrientations_iPad = "UIInterfaceOrientationPortrait UIInterfaceOrientationPortraitUpsideDown UIInterfaceOrientationLandscapeLeft UIInterfaceOrientationLandscapeRight";
				INFOPLIST_KEY_UISupportedInterfaceOrientations_iPhone = "UIInterfaceOrientationPortrait UIInterfaceOrientationLandscapeLeft UIInterfaceOrientationLandscapeRight";
				LD_RUNPATH_SEARCH_PATHS = (
					"$(inherited)",
					"@executable_path/Frameworks",
				);
				MARKETING_VERSION = 1.0;
				PRODUCT_BUNDLE_IDENTIFIER = alcerreca.es.ProyectoEduChalenge1;
				PRODUCT_NAME = "$(TARGET_NAME)";
				SWIFT_EMIT_LOC_STRINGS = YES;
				SWIFT_VERSION = 5.0;
				TARGETED_DEVICE_FAMILY = "1,2";
			};
			name = Debug;
		};
		ED29C74529E6BA0A002C3B3D /* Release */ = {
			isa = XCBuildConfiguration;
			buildSettings = {
				ASSETCATALOG_COMPILER_APPICON_NAME = AppIcon;
				ASSETCATALOG_COMPILER_GLOBAL_ACCENT_COLOR_NAME = AccentColor;
				CODE_SIGN_STYLE = Automatic;
				CURRENT_PROJECT_VERSION = 1;
				DEVELOPMENT_ASSET_PATHS = "\"ProyectoEduChalenge1/Preview Content\"";
				ENABLE_PREVIEWS = YES;
				GENERATE_INFOPLIST_FILE = YES;
				INFOPLIST_KEY_UIApplicationSceneManifest_Generation = YES;
				INFOPLIST_KEY_UIApplicationSupportsIndirectInputEvents = YES;
				INFOPLIST_KEY_UILaunchScreen_Generation = YES;
				INFOPLIST_KEY_UISupportedInterfaceOrientations_iPad = "UIInterfaceOrientationPortrait UIInterfaceOrientationPortraitUpsideDown UIInterfaceOrientationLandscapeLeft UIInterfaceOrientationLandscapeRight";
				INFOPLIST_KEY_UISupportedInterfaceOrientations_iPhone = "UIInterfaceOrientationPortrait UIInterfaceOrientationLandscapeLeft UIInterfaceOrientationLandscapeRight";
				LD_RUNPATH_SEARCH_PATHS = (
					"$(inherited)",
					"@executable_path/Frameworks",
				);
				MARKETING_VERSION = 1.0;
				PRODUCT_BUNDLE_IDENTIFIER = alcerreca.es.ProyectoEduChalenge1;
				PRODUCT_NAME = "$(TARGET_NAME)";
				SWIFT_EMIT_LOC_STRINGS = YES;
				SWIFT_VERSION = 5.0;
				TARGETED_DEVICE_FAMILY = "1,2";
			};
			name = Release;
		};
/* End XCBuildConfiguration section */

/* Begin XCConfigurationList section */
		ED29C73029E6BA0A002C3B3D /* Build configuration list for PBXProject "ProyectoEduChalenge1" */ = {
			isa = XCConfigurationList;
			buildConfigurations = (
				ED29C74129E6BA0A002C3B3D /* Debug */,
				ED29C74229E6BA0A002C3B3D /* Release */,
			);
			defaultConfigurationIsVisible = 0;
			defaultConfigurationName = Release;
		};
		ED29C74329E6BA0A002C3B3D /* Build configuration list for PBXNativeTarget "ProyectoEduChalenge1" */ = {
			isa = XCConfigurationList;
			buildConfigurations = (
				ED29C74429E6BA0A002C3B3D /* Debug */,
				ED29C74529E6BA0A002C3B3D /* Release */,
			);
			defaultConfigurationIsVisible = 0;
			defaultConfigurationName = Release;
		};
/* End XCConfigurationList section */
	};
	rootObject = ED29C72D29E6BA0A002C3B3D /* Project object */;
}
